
Microsoft Visual Studio Solution File, Format Version 12.00
# Visual Studio Version 17
VisualStudioVersion = 17.6.33829.357
MinimumVisualStudioVersion = 10.0.40219.1
Project("{FAE04EC0-301F-11D3-BF4B-00C04F79EFBC}") = "BattleshipGame.API", "BattleshipGame.API\BattleshipGame.API.csproj", "{A781FC24-AB42-40B2-8CC2-CE018BB06D10}"
EndProject
Global
	GlobalSection(SolutionConfigurationPlatforms) = preSolution
		Debug|Any CPU = Debug|Any CPU
		Release|Any CPU = Release|Any CPU
	EndGlobalSection
	GlobalSection(ProjectConfigurationPlatforms) = postSolution
		{A781FC24-AB42-40B2-8CC2-CE018BB06D10}.Debug|Any CPU.ActiveCfg = Debug|Any CPU
		{A781FC24-AB42-40B2-8CC2-CE018BB06D10}.Debug|Any CPU.Build.0 = Debug|Any CPU
		{A781FC24-AB42-40B2-8CC2-CE018BB06D10}.Release|Any CPU.ActiveCfg = Release|Any CPU
		{A781FC24-AB42-40B2-8CC2-CE018BB06D10}.Release|Any CPU.Build.0 = Release|Any CPU
	EndGlobalSection
	GlobalSection(SolutionProperties) = preSolution
		HideSolutionNode = FALSE
	EndGlobalSection
	GlobalSection(ExtensibilityGlobals) = postSolution
		SolutionGuid = {6E53924D-D995-4F1A-8E24-D6B910E7CF22}
	EndGlobalSection
EndGlobal
